{
  "version": 4,
  "terraform_version": "1.9.8",
  "serial": 1617,
  "lineage": "ed02c7f3-e92a-6e01-c13f-7e140c8e8d49",
  "outputs": {
    "ec2_ID": {
      "value": [
        "i-04c35ccf9b2b4b89c",
        "i-063fd076be4fc1799"
      ],
      "type": [
        "tuple",
        [
          "string",
          "string"
        ]
      ]
    },
    "ec2_az": {
      "value": [
        "us-east-1a",
        "us-east-1b"
      ],
      "type": [
        "tuple",
        [
          "string",
          "string"
        ]
      ]
    },
    "ec2_privIP": {
      "value": [
        "10.0.1.175",
        "10.0.2.71"
      ],
      "type": [
        "tuple",
        [
          "string",
          "string"
        ]
      ]
    },
    "security_ID": {
      "value": "sg-0a1364f03ca5860be",
      "type": "string"
    },
    "subnet_ID": {
      "value": [
        "subnet-035af7b0c988c90b6",
        "subnet-024491587e09a4f0f"
      ],
      "type": [
        "tuple",
        [
          "string",
          "string"
        ]
      ]
    }
  },
  "resources": [
    {
      "module": "module.IGW",
      "mode": "data",
      "type": "aws_internet_gateway",
      "name": "IGWinfo",
      "provider": "provider[\"registry.terraform.io/hashicorp/aws\"]",
      "instances": [
        {
          "schema_version": 0,
          "attributes": {
            "arn": "arn:aws:ec2:us-east-1:897722702750:internet-gateway/igw-04ae8614b20bb95e4",
            "attachments": [
              {
                "state": "available",
                "vpc_id": "vpc-0f2aa3870d54dd102"
              }
            ],
            "filter": [
              {
                "name": "tag:Name",
                "values": [
                  "test_IGW"
                ]
              }
            ],
            "id": "igw-04ae8614b20bb95e4",
            "internet_gateway_id": "igw-04ae8614b20bb95e4",
            "owner_id": "897722702750",
            "tags": {
              "Name": "test_IGW"
            },
            "timeouts": null
          },
          "sensitive_attributes": []
        }
      ]
    },
    {
      "module": "module.IGW",
      "mode": "managed",
      "type": "aws_internet_gateway",
      "name": "gw",
      "provider": "provider[\"registry.terraform.io/hashicorp/aws\"]",
      "instances": [
        {
          "schema_version": 0,
          "attributes": {
            "arn": "arn:aws:ec2:us-east-1:897722702750:internet-gateway/igw-04ae8614b20bb95e4",
            "id": "igw-04ae8614b20bb95e4",
            "owner_id": "897722702750",
            "tags": {
              "Name": "test_IGW"
            },
            "tags_all": {
              "Name": "test_IGW"
            },
            "timeouts": null,
            "vpc_id": "vpc-0f2aa3870d54dd102"
          },
          "sensitive_attributes": [],
          "private": "eyJlMmJmYjczMC1lY2FhLTExZTYtOGY4OC0zNDM2M2JjN2M0YzAiOnsiY3JlYXRlIjoxMjAwMDAwMDAwMDAwLCJkZWxldGUiOjEyMDAwMDAwMDAwMDAsInVwZGF0ZSI6MTIwMDAwMDAwMDAwMH19",
          "dependencies": [
            "module.aws-vpc.aws_vpc.testvpc"
          ]
        }
      ]
    },
    {
      "module": "module.aws-routetable",
      "mode": "managed",
      "type": "aws_route_table",
      "name": "testRT",
      "provider": "provider[\"registry.terraform.io/hashicorp/aws\"]",
      "instances": [
        {
          "schema_version": 0,
          "attributes": {
            "arn": "arn:aws:ec2:us-east-1:897722702750:route-table/rtb-088beea520f72131a",
            "id": "rtb-088beea520f72131a",
            "owner_id": "897722702750",
            "propagating_vgws": [],
            "route": [
              {
                "carrier_gateway_id": "",
                "cidr_block": "0.0.0.0/0",
                "core_network_arn": "",
                "destination_prefix_list_id": "",
                "egress_only_gateway_id": "",
                "gateway_id": "igw-04ae8614b20bb95e4",
                "ipv6_cidr_block": "",
                "local_gateway_id": "",
                "nat_gateway_id": "",
                "network_interface_id": "",
                "transit_gateway_id": "",
                "vpc_endpoint_id": "",
                "vpc_peering_connection_id": ""
              }
            ],
            "tags": {
              "Name": "pubRT"
            },
            "tags_all": {
              "Name": "pubRT"
            },
            "timeouts": null,
            "vpc_id": "vpc-0f2aa3870d54dd102"
          },
          "sensitive_attributes": [],
          "private": "eyJlMmJmYjczMC1lY2FhLTExZTYtOGY4OC0zNDM2M2JjN2M0YzAiOnsiY3JlYXRlIjozMDAwMDAwMDAwMDAsImRlbGV0ZSI6MzAwMDAwMDAwMDAwLCJ1cGRhdGUiOjEyMDAwMDAwMDAwMH19",
          "dependencies": [
            "module.IGW.aws_internet_gateway.gw",
            "module.IGW.data.aws_internet_gateway.IGWinfo",
            "module.aws-subnet.aws_subnet.test_subnet",
            "module.aws-subnet.data.aws_subnet.subnetinfo",
            "module.aws-vpc.aws_vpc.testvpc"
          ]
        }
      ]
    },
    {
      "module": "module.aws-routetable",
      "mode": "managed",
      "type": "aws_route_table_association",
      "name": "route_association",
      "provider": "provider[\"registry.terraform.io/hashicorp/aws\"]",
      "instances": [
        {
          "index_key": 0,
          "schema_version": 0,
          "attributes": {
            "gateway_id": "",
            "id": "rtbassoc-06af22616cfc4520f",
            "route_table_id": "rtb-088beea520f72131a",
            "subnet_id": "subnet-035af7b0c988c90b6",
            "timeouts": null
          },
          "sensitive_attributes": [],
          "private": "eyJlMmJmYjczMC1lY2FhLTExZTYtOGY4OC0zNDM2M2JjN2M0YzAiOnsiY3JlYXRlIjozMDAwMDAwMDAwMDAsImRlbGV0ZSI6MzAwMDAwMDAwMDAwLCJ1cGRhdGUiOjEyMDAwMDAwMDAwMH19",
          "dependencies": [
            "module.IGW.aws_internet_gateway.gw",
            "module.IGW.data.aws_internet_gateway.IGWinfo",
            "module.aws-routetable.aws_route_table.testRT",
            "module.aws-subnet.aws_subnet.test_subnet",
            "module.aws-subnet.data.aws_subnet.subnetinfo",
            "module.aws-vpc.aws_vpc.testvpc"
          ]
        },
        {
          "index_key": 1,
          "schema_version": 0,
          "attributes": {
            "gateway_id": "",
            "id": "rtbassoc-04b15d518f6cb3f2f",
            "route_table_id": "rtb-088beea520f72131a",
            "subnet_id": "subnet-024491587e09a4f0f",
            "timeouts": null
          },
          "sensitive_attributes": [],
          "private": "eyJlMmJmYjczMC1lY2FhLTExZTYtOGY4OC0zNDM2M2JjN2M0YzAiOnsiY3JlYXRlIjozMDAwMDAwMDAwMDAsImRlbGV0ZSI6MzAwMDAwMDAwMDAwLCJ1cGRhdGUiOjEyMDAwMDAwMDAwMH19",
          "dependencies": [
            "module.IGW.aws_internet_gateway.gw",
            "module.IGW.data.aws_internet_gateway.IGWinfo",
            "module.aws-routetable.aws_route_table.testRT",
            "module.aws-subnet.aws_subnet.test_subnet",
            "module.aws-subnet.data.aws_subnet.subnetinfo",
            "module.aws-vpc.aws_vpc.testvpc"
          ]
        }
      ]
    },
    {
      "module": "module.aws-subnet[0]",
      "mode": "data",
      "type": "aws_subnet",
      "name": "subnetinfo",
      "provider": "provider[\"registry.terraform.io/hashicorp/aws\"]",
      "instances": [
        {
          "schema_version": 0,
          "attributes": {
            "arn": "arn:aws:ec2:us-east-1:897722702750:subnet/subnet-035af7b0c988c90b6",
            "assign_ipv6_address_on_creation": false,
            "availability_zone": "us-east-1a",
            "availability_zone_id": "use1-az6",
            "available_ip_address_count": 250,
            "cidr_block": "10.0.1.0/24",
            "customer_owned_ipv4_pool": "",
            "default_for_az": false,
            "enable_dns64": false,
            "enable_lni_at_device_index": 0,
            "enable_resource_name_dns_a_record_on_launch": false,
            "enable_resource_name_dns_aaaa_record_on_launch": false,
            "filter": [
              {
                "name": "tag:Name",
                "values": [
                  "pubsubnet-1"
                ]
              }
            ],
            "id": "subnet-035af7b0c988c90b6",
            "ipv6_cidr_block": "",
            "ipv6_cidr_block_association_id": "",
            "ipv6_native": false,
            "map_customer_owned_ip_on_launch": false,
            "map_public_ip_on_launch": true,
            "outpost_arn": "",
            "owner_id": "897722702750",
            "private_dns_hostname_type_on_launch": "ip-name",
            "state": "available",
            "tags": {
              "Name": "pubsubnet-1"
            },
            "timeouts": null,
            "vpc_id": "vpc-0f2aa3870d54dd102"
          },
          "sensitive_attributes": []
        }
      ]
    },
    {
      "module": "module.aws-subnet[0]",
      "mode": "managed",
      "type": "aws_subnet",
      "name": "test_subnet",
      "provider": "provider[\"registry.terraform.io/hashicorp/aws\"]",
      "instances": [
        {
          "schema_version": 1,
          "attributes": {
            "arn": "arn:aws:ec2:us-east-1:897722702750:subnet/subnet-035af7b0c988c90b6",
            "assign_ipv6_address_on_creation": false,
            "availability_zone": "us-east-1a",
            "availability_zone_id": "use1-az6",
            "cidr_block": "10.0.1.0/24",
            "customer_owned_ipv4_pool": "",
            "enable_dns64": false,
            "enable_lni_at_device_index": 0,
            "enable_resource_name_dns_a_record_on_launch": false,
            "enable_resource_name_dns_aaaa_record_on_launch": false,
            "id": "subnet-035af7b0c988c90b6",
            "ipv6_cidr_block": "",
            "ipv6_cidr_block_association_id": "",
            "ipv6_native": false,
            "map_customer_owned_ip_on_launch": false,
            "map_public_ip_on_launch": true,
            "outpost_arn": "",
            "owner_id": "897722702750",
            "private_dns_hostname_type_on_launch": "ip-name",
            "tags": {
              "Name": "pubsubnet-1"
            },
            "tags_all": {
              "Name": "pubsubnet-1"
            },
            "timeouts": null,
            "vpc_id": "vpc-0f2aa3870d54dd102"
          },
          "sensitive_attributes": [],
          "private": "eyJlMmJmYjczMC1lY2FhLTExZTYtOGY4OC0zNDM2M2JjN2M0YzAiOnsiY3JlYXRlIjo2MDAwMDAwMDAwMDAsImRlbGV0ZSI6MTIwMDAwMDAwMDAwMH0sInNjaGVtYV92ZXJzaW9uIjoiMSJ9",
          "dependencies": [
            "module.aws-vpc.aws_vpc.testvpc"
          ]
        }
      ]
    },
    {
      "module": "module.aws-subnet[1]",
      "mode": "data",
      "type": "aws_subnet",
      "name": "subnetinfo",
      "provider": "provider[\"registry.terraform.io/hashicorp/aws\"]",
      "instances": [
        {
          "schema_version": 0,
          "attributes": {
            "arn": "arn:aws:ec2:us-east-1:897722702750:subnet/subnet-024491587e09a4f0f",
            "assign_ipv6_address_on_creation": false,
            "availability_zone": "us-east-1b",
            "availability_zone_id": "use1-az1",
            "available_ip_address_count": 250,
            "cidr_block": "10.0.2.0/24",
            "customer_owned_ipv4_pool": "",
            "default_for_az": false,
            "enable_dns64": false,
            "enable_lni_at_device_index": 0,
            "enable_resource_name_dns_a_record_on_launch": false,
            "enable_resource_name_dns_aaaa_record_on_launch": false,
            "filter": [
              {
                "name": "tag:Name",
                "values": [
                  "pubsubnet-2"
                ]
              }
            ],
            "id": "subnet-024491587e09a4f0f",
            "ipv6_cidr_block": "",
            "ipv6_cidr_block_association_id": "",
            "ipv6_native": false,
            "map_customer_owned_ip_on_launch": false,
            "map_public_ip_on_launch": true,
            "outpost_arn": "",
            "owner_id": "897722702750",
            "private_dns_hostname_type_on_launch": "ip-name",
            "state": "available",
            "tags": {
              "Name": "pubsubnet-2"
            },
            "timeouts": null,
            "vpc_id": "vpc-0f2aa3870d54dd102"
          },
          "sensitive_attributes": []
        }
      ]
    },
    {
      "module": "module.aws-subnet[1]",
      "mode": "managed",
      "type": "aws_subnet",
      "name": "test_subnet",
      "provider": "provider[\"registry.terraform.io/hashicorp/aws\"]",
      "instances": [
        {
          "schema_version": 1,
          "attributes": {
            "arn": "arn:aws:ec2:us-east-1:897722702750:subnet/subnet-024491587e09a4f0f",
            "assign_ipv6_address_on_creation": false,
            "availability_zone": "us-east-1b",
            "availability_zone_id": "use1-az1",
            "cidr_block": "10.0.2.0/24",
            "customer_owned_ipv4_pool": "",
            "enable_dns64": false,
            "enable_lni_at_device_index": 0,
            "enable_resource_name_dns_a_record_on_launch": false,
            "enable_resource_name_dns_aaaa_record_on_launch": false,
            "id": "subnet-024491587e09a4f0f",
            "ipv6_cidr_block": "",
            "ipv6_cidr_block_association_id": "",
            "ipv6_native": false,
            "map_customer_owned_ip_on_launch": false,
            "map_public_ip_on_launch": true,
            "outpost_arn": "",
            "owner_id": "897722702750",
            "private_dns_hostname_type_on_launch": "ip-name",
            "tags": {
              "Name": "pubsubnet-2"
            },
            "tags_all": {
              "Name": "pubsubnet-2"
            },
            "timeouts": null,
            "vpc_id": "vpc-0f2aa3870d54dd102"
          },
          "sensitive_attributes": [],
          "private": "eyJlMmJmYjczMC1lY2FhLTExZTYtOGY4OC0zNDM2M2JjN2M0YzAiOnsiY3JlYXRlIjo2MDAwMDAwMDAwMDAsImRlbGV0ZSI6MTIwMDAwMDAwMDAwMH0sInNjaGVtYV92ZXJzaW9uIjoiMSJ9",
          "dependencies": [
            "module.aws-vpc.aws_vpc.testvpc"
          ]
        }
      ]
    },
    {
      "module": "module.aws-vpc",
      "mode": "managed",
      "type": "aws_vpc",
      "name": "testvpc",
      "provider": "provider[\"registry.terraform.io/hashicorp/aws\"]",
      "instances": [
        {
          "schema_version": 1,
          "attributes": {
            "arn": "arn:aws:ec2:us-east-1:897722702750:vpc/vpc-0f2aa3870d54dd102",
            "assign_generated_ipv6_cidr_block": false,
            "cidr_block": "10.0.0.0/16",
            "default_network_acl_id": "acl-048e723ca3b147459",
            "default_route_table_id": "rtb-0ad1be002ee282b75",
            "default_security_group_id": "sg-06c5e2ee078c7e4f6",
            "dhcp_options_id": "dopt-05bac93e56edcab7b",
            "enable_dns_hostnames": false,
            "enable_dns_support": true,
            "enable_network_address_usage_metrics": false,
            "id": "vpc-0f2aa3870d54dd102",
            "instance_tenancy": "default",
            "ipv4_ipam_pool_id": null,
            "ipv4_netmask_length": null,
            "ipv6_association_id": "",
            "ipv6_cidr_block": "",
            "ipv6_cidr_block_network_border_group": "",
            "ipv6_ipam_pool_id": "",
            "ipv6_netmask_length": 0,
            "main_route_table_id": "rtb-0ad1be002ee282b75",
            "owner_id": "897722702750",
            "tags": {
              "Name": "test-vpc"
            },
            "tags_all": {
              "Name": "test-vpc"
            }
          },
          "sensitive_attributes": [],
          "private": "eyJzY2hlbWFfdmVyc2lvbiI6IjEifQ=="
        }
      ]
    },
    {
      "module": "module.aws_ec2_instance",
      "mode": "managed",
      "type": "aws_instance",
      "name": "ec2",
      "provider": "provider[\"registry.terraform.io/hashicorp/aws\"]",
      "instances": [
        {
          "index_key": 0,
          "schema_version": 1,
          "attributes": {
            "ami": "ami-0866a3c8686eaeeba",
            "arn": "arn:aws:ec2:us-east-1:897722702750:instance/i-04c35ccf9b2b4b89c",
            "associate_public_ip_address": true,
            "availability_zone": "us-east-1a",
            "capacity_reservation_specification": [
              {
                "capacity_reservation_preference": "open",
                "capacity_reservation_target": []
              }
            ],
            "cpu_core_count": 1,
            "cpu_options": [
              {
                "amd_sev_snp": "",
                "core_count": 1,
                "threads_per_core": 1
              }
            ],
            "cpu_threads_per_core": 1,
            "credit_specification": [
              {
                "cpu_credits": "standard"
              }
            ],
            "disable_api_stop": false,
            "disable_api_termination": false,
            "ebs_block_device": [],
            "ebs_optimized": false,
            "enclave_options": [
              {
                "enabled": false
              }
            ],
            "ephemeral_block_device": [],
            "get_password_data": false,
            "hibernation": false,
            "host_id": "",
            "host_resource_group_arn": null,
            "iam_instance_profile": "",
            "id": "i-04c35ccf9b2b4b89c",
            "instance_initiated_shutdown_behavior": "stop",
            "instance_lifecycle": "",
            "instance_market_options": [],
            "instance_state": "running",
            "instance_type": "t2.micro",
            "ipv6_address_count": 0,
            "ipv6_addresses": [],
            "key_name": "demo-key",
            "launch_template": [],
            "maintenance_options": [
              {
                "auto_recovery": "default"
              }
            ],
            "metadata_options": [
              {
                "http_endpoint": "enabled",
                "http_protocol_ipv6": "disabled",
                "http_put_response_hop_limit": 2,
                "http_tokens": "required",
                "instance_metadata_tags": "disabled"
              }
            ],
            "monitoring": false,
            "network_interface": [],
            "outpost_arn": "",
            "password_data": "",
            "placement_group": "",
            "placement_partition_number": 0,
            "primary_network_interface_id": "eni-023e8644b42dd030a",
            "private_dns": "ip-10-0-1-175.ec2.internal",
            "private_dns_name_options": [
              {
                "enable_resource_name_dns_a_record": false,
                "enable_resource_name_dns_aaaa_record": false,
                "hostname_type": "ip-name"
              }
            ],
            "private_ip": "10.0.1.175",
            "public_dns": "",
            "public_ip": "3.85.7.92",
            "root_block_device": [
              {
                "delete_on_termination": true,
                "device_name": "/dev/sda1",
                "encrypted": false,
                "iops": 3000,
                "kms_key_id": "",
                "tags": {},
                "tags_all": {},
                "throughput": 125,
                "volume_id": "vol-0239e839220f6798d",
                "volume_size": 8,
                "volume_type": "gp3"
              }
            ],
            "secondary_private_ips": [],
            "security_groups": [
              "sg-0a1364f03ca5860be"
            ],
            "source_dest_check": true,
            "spot_instance_request_id": "",
            "subnet_id": "subnet-035af7b0c988c90b6",
            "tags": {
              "Name": "VM-1"
            },
            "tags_all": {
              "Name": "VM-1"
            },
            "tenancy": "default",
            "timeouts": null,
            "user_data": null,
            "user_data_base64": null,
            "user_data_replace_on_change": false,
            "volume_tags": null,
            "vpc_security_group_ids": [
              "sg-0a1364f03ca5860be"
            ]
          },
          "sensitive_attributes": [],
          "private": "eyJlMmJmYjczMC1lY2FhLTExZTYtOGY4OC0zNDM2M2JjN2M0YzAiOnsiY3JlYXRlIjo2MDAwMDAwMDAwMDAsImRlbGV0ZSI6MTIwMDAwMDAwMDAwMCwicmVhZCI6OTAwMDAwMDAwMDAwLCJ1cGRhdGUiOjYwMDAwMDAwMDAwMH0sInNjaGVtYV92ZXJzaW9uIjoiMSJ9",
          "dependencies": [
            "module.aws-subnet.aws_subnet.test_subnet",
            "module.aws-subnet.data.aws_subnet.subnetinfo",
            "module.aws-vpc.aws_vpc.testvpc",
            "module.security_grp.aws_security_group.allow_tls"
          ]
        },
        {
          "index_key": 1,
          "schema_version": 1,
          "attributes": {
            "ami": "ami-0866a3c8686eaeeba",
            "arn": "arn:aws:ec2:us-east-1:897722702750:instance/i-063fd076be4fc1799",
            "associate_public_ip_address": true,
            "availability_zone": "us-east-1b",
            "capacity_reservation_specification": [
              {
                "capacity_reservation_preference": "open",
                "capacity_reservation_target": []
              }
            ],
            "cpu_core_count": 1,
            "cpu_options": [
              {
                "amd_sev_snp": "",
                "core_count": 1,
                "threads_per_core": 1
              }
            ],
            "cpu_threads_per_core": 1,
            "credit_specification": [
              {
                "cpu_credits": "standard"
              }
            ],
            "disable_api_stop": false,
            "disable_api_termination": false,
            "ebs_block_device": [],
            "ebs_optimized": false,
            "enclave_options": [
              {
                "enabled": false
              }
            ],
            "ephemeral_block_device": [],
            "get_password_data": false,
            "hibernation": false,
            "host_id": "",
            "host_resource_group_arn": null,
            "iam_instance_profile": "",
            "id": "i-063fd076be4fc1799",
            "instance_initiated_shutdown_behavior": "stop",
            "instance_lifecycle": "",
            "instance_market_options": [],
            "instance_state": "running",
            "instance_type": "t2.micro",
            "ipv6_address_count": 0,
            "ipv6_addresses": [],
            "key_name": "demo-key",
            "launch_template": [],
            "maintenance_options": [
              {
                "auto_recovery": "default"
              }
            ],
            "metadata_options": [
              {
                "http_endpoint": "enabled",
                "http_protocol_ipv6": "disabled",
                "http_put_response_hop_limit": 2,
                "http_tokens": "required",
                "instance_metadata_tags": "disabled"
              }
            ],
            "monitoring": false,
            "network_interface": [],
            "outpost_arn": "",
            "password_data": "",
            "placement_group": "",
            "placement_partition_number": 0,
            "primary_network_interface_id": "eni-038483eee4904ffe1",
            "private_dns": "ip-10-0-2-71.ec2.internal",
            "private_dns_name_options": [
              {
                "enable_resource_name_dns_a_record": false,
                "enable_resource_name_dns_aaaa_record": false,
                "hostname_type": "ip-name"
              }
            ],
            "private_ip": "10.0.2.71",
            "public_dns": "",
            "public_ip": "44.198.188.63",
            "root_block_device": [
              {
                "delete_on_termination": true,
                "device_name": "/dev/sda1",
                "encrypted": false,
                "iops": 3000,
                "kms_key_id": "",
                "tags": {},
                "tags_all": {},
                "throughput": 125,
                "volume_id": "vol-0ce25b26973ebfde6",
                "volume_size": 8,
                "volume_type": "gp3"
              }
            ],
            "secondary_private_ips": [],
            "security_groups": [
              "sg-0a1364f03ca5860be"
            ],
            "source_dest_check": true,
            "spot_instance_request_id": "",
            "subnet_id": "subnet-024491587e09a4f0f",
            "tags": {
              "Name": "VM-2"
            },
            "tags_all": {
              "Name": "VM-2"
            },
            "tenancy": "default",
            "timeouts": null,
            "user_data": null,
            "user_data_base64": null,
            "user_data_replace_on_change": false,
            "volume_tags": null,
            "vpc_security_group_ids": [
              "sg-0a1364f03ca5860be"
            ]
          },
          "sensitive_attributes": [],
          "private": "eyJlMmJmYjczMC1lY2FhLTExZTYtOGY4OC0zNDM2M2JjN2M0YzAiOnsiY3JlYXRlIjo2MDAwMDAwMDAwMDAsImRlbGV0ZSI6MTIwMDAwMDAwMDAwMCwicmVhZCI6OTAwMDAwMDAwMDAwLCJ1cGRhdGUiOjYwMDAwMDAwMDAwMH0sInNjaGVtYV92ZXJzaW9uIjoiMSJ9",
          "dependencies": [
            "module.aws-subnet.aws_subnet.test_subnet",
            "module.aws-subnet.data.aws_subnet.subnetinfo",
            "module.aws-vpc.aws_vpc.testvpc",
            "module.security_grp.aws_security_group.allow_tls"
          ]
        }
      ]
    },
    {
      "module": "module.aws_ec2_instance",
      "mode": "managed",
      "type": "aws_key_pair",
      "name": "key-pair",
      "provider": "provider[\"registry.terraform.io/hashicorp/aws\"]",
      "instances": [
        {
          "schema_version": 1,
          "attributes": {
            "arn": "arn:aws:ec2:us-east-1:897722702750:key-pair/demo-key",
            "fingerprint": "05:b9:e5:8d:97:9c:07:7f:7a:ee:26:e3:5c:e5:95:31",
            "id": "demo-key",
            "key_name": "demo-key",
            "key_name_prefix": "",
            "key_pair_id": "key-036e925c970288d24",
            "key_type": "rsa",
            "public_key": "ssh-rsa AAAAB3NzaC1yc2EAAAADAQABAAABAQDdYKRahevyqwNtoXtPLgFluarsV2rXir+03+EOrOinarzETiz1aUk2vXAoa7mQFlPfn//Wqkm13c2k/Bmzg9wNmMXEaB6m5UhuQi5xqedPcOHEuwhrqdOreDz+XBXR6cH/3w8z3Ttsx9cBmIDl6146EGuqy6nTcYFkP8GXnpWApoL7Hd70+l/mmK0/bQoOGfHxs6mlCIZiFil3T3Zpx8xvLhI6lDhAcqYECYHTXpKtGR1zFvoXh7zro/85fU5qoyQzQ9enaNcLij9DJAi9RD+3fYT/dvP8CsUWwHrj9JOwge+Ix2RPm59OGUcwVSPUNM1d1iJpiBK1P5N//p0BeluT rajiv verma@DESKTOP-IHSAFHU",
            "tags": {},
            "tags_all": {}
          },
          "sensitive_attributes": [],
          "private": "eyJzY2hlbWFfdmVyc2lvbiI6IjEifQ==",
          "dependencies": [
            "module.aws-vpc.aws_vpc.testvpc",
            "module.security_grp.aws_security_group.allow_tls"
          ]
        }
      ]
    },
    {
      "module": "module.loadbalancer",
      "mode": "managed",
      "type": "aws_lb",
      "name": "demo-aws-lb",
      "provider": "provider[\"registry.terraform.io/hashicorp/aws\"]",
      "instances": [
        {
          "schema_version": 0,
          "attributes": {
            "access_logs": [
              {
                "bucket": "",
                "enabled": false,
                "prefix": ""
              }
            ],
            "arn": "arn:aws:elasticloadbalancing:us-east-1:897722702750:loadbalancer/app/demo-app-lb/52e748777d3ebb47",
            "arn_suffix": "app/demo-app-lb/52e748777d3ebb47",
            "client_keep_alive": 3600,
            "connection_logs": [
              {
                "bucket": "",
                "enabled": false,
                "prefix": ""
              }
            ],
            "customer_owned_ipv4_pool": "",
            "desync_mitigation_mode": "defensive",
            "dns_name": "demo-app-lb-1216611912.us-east-1.elb.amazonaws.com",
            "dns_record_client_routing_policy": null,
            "drop_invalid_header_fields": false,
            "enable_cross_zone_load_balancing": true,
            "enable_deletion_protection": false,
            "enable_http2": true,
            "enable_tls_version_and_cipher_suite_headers": false,
            "enable_waf_fail_open": false,
            "enable_xff_client_port": false,
            "enable_zonal_shift": null,
            "enforce_security_group_inbound_rules_on_private_link_traffic": "",
            "id": "arn:aws:elasticloadbalancing:us-east-1:897722702750:loadbalancer/app/demo-app-lb/52e748777d3ebb47",
            "idle_timeout": 60,
            "internal": false,
            "ip_address_type": "ipv4",
            "load_balancer_type": "application",
            "name": "demo-app-lb",
            "name_prefix": "",
            "preserve_host_header": false,
            "security_groups": [
              "sg-0a1364f03ca5860be"
            ],
            "subnet_mapping": [
              {
                "allocation_id": "",
                "ipv6_address": "",
                "outpost_id": "",
                "private_ipv4_address": "",
                "subnet_id": "subnet-024491587e09a4f0f"
              },
              {
                "allocation_id": "",
                "ipv6_address": "",
                "outpost_id": "",
                "private_ipv4_address": "",
                "subnet_id": "subnet-035af7b0c988c90b6"
              }
            ],
            "subnets": [
              "subnet-024491587e09a4f0f",
              "subnet-035af7b0c988c90b6"
            ],
            "tags": {
              "Environment": "test-LB-dev"
            },
            "tags_all": {
              "Environment": "test-LB-dev"
            },
            "timeouts": null,
            "vpc_id": "vpc-0f2aa3870d54dd102",
            "xff_header_processing_mode": "append",
            "zone_id": "Z35SXDOTRQ7X7K"
          },
          "sensitive_attributes": [],
          "private": "eyJlMmJmYjczMC1lY2FhLTExZTYtOGY4OC0zNDM2M2JjN2M0YzAiOnsiY3JlYXRlIjo2MDAwMDAwMDAwMDAsImRlbGV0ZSI6NjAwMDAwMDAwMDAwLCJ1cGRhdGUiOjYwMDAwMDAwMDAwMH19",
          "dependencies": [
            "module.aws-subnet.aws_subnet.test_subnet",
            "module.aws-subnet.data.aws_subnet.subnetinfo",
            "module.aws-vpc.aws_vpc.testvpc",
            "module.security_grp.aws_security_group.allow_tls"
          ]
        }
      ]
    },
    {
      "module": "module.loadbalancer",
      "mode": "managed",
      "type": "aws_lb_listener",
      "name": "demo_lb_listener",
      "provider": "provider[\"registry.terraform.io/hashicorp/aws\"]",
      "instances": [
        {
          "schema_version": 0,
          "attributes": {
            "alpn_policy": null,
            "arn": "arn:aws:elasticloadbalancing:us-east-1:897722702750:listener/app/demo-app-lb/52e748777d3ebb47/cbd82fe7bfee37e8",
            "certificate_arn": null,
            "default_action": [
              {
                "authenticate_cognito": [],
                "authenticate_oidc": [],
                "fixed_response": [],
                "forward": [],
                "order": 1,
                "redirect": [],
                "target_group_arn": "arn:aws:elasticloadbalancing:us-east-1:897722702750:targetgroup/demo-lb-tg/d456344bbcc2be84",
                "type": "forward"
              }
            ],
            "id": "arn:aws:elasticloadbalancing:us-east-1:897722702750:listener/app/demo-app-lb/52e748777d3ebb47/cbd82fe7bfee37e8",
            "load_balancer_arn": "arn:aws:elasticloadbalancing:us-east-1:897722702750:loadbalancer/app/demo-app-lb/52e748777d3ebb47",
            "mutual_authentication": [],
            "port": 3000,
            "protocol": "HTTP",
            "ssl_policy": "",
            "tags": null,
            "tags_all": {},
            "tcp_idle_timeout_seconds": null,
            "timeouts": null
          },
          "sensitive_attributes": [],
          "private": "eyJlMmJmYjczMC1lY2FhLTExZTYtOGY4OC0zNDM2M2JjN2M0YzAiOnsiY3JlYXRlIjozMDAwMDAwMDAwMDAsInVwZGF0ZSI6MzAwMDAwMDAwMDAwfX0=",
          "dependencies": [
            "module.aws-subnet.aws_subnet.test_subnet",
            "module.aws-subnet.data.aws_subnet.subnetinfo",
            "module.aws-vpc.aws_vpc.testvpc",
            "module.loadbalancer.aws_lb.demo-aws-lb",
            "module.loadbalancer.aws_lb_target_group.demo_tg",
            "module.security_grp.aws_security_group.allow_tls"
          ]
        }
      ]
    },
    {
      "module": "module.loadbalancer",
      "mode": "managed",
      "type": "aws_lb_target_group",
      "name": "demo_tg",
      "provider": "provider[\"registry.terraform.io/hashicorp/aws\"]",
      "instances": [
        {
          "schema_version": 0,
          "attributes": {
            "arn": "arn:aws:elasticloadbalancing:us-east-1:897722702750:targetgroup/demo-lb-tg/d456344bbcc2be84",
            "arn_suffix": "targetgroup/demo-lb-tg/d456344bbcc2be84",
            "connection_termination": null,
            "deregistration_delay": "300",
            "health_check": [
              {
                "enabled": true,
                "healthy_threshold": 3,
                "interval": 5,
                "matcher": "200",
                "path": "/",
                "port": "traffic-port",
                "protocol": "HTTP",
                "timeout": 3,
                "unhealthy_threshold": 3
              }
            ],
            "id": "arn:aws:elasticloadbalancing:us-east-1:897722702750:targetgroup/demo-lb-tg/d456344bbcc2be84",
            "ip_address_type": "ipv4",
            "lambda_multi_value_headers_enabled": false,
            "load_balancer_arns": [],
            "load_balancing_algorithm_type": "round_robin",
            "load_balancing_anomaly_mitigation": "off",
            "load_balancing_cross_zone_enabled": "use_load_balancer_configuration",
            "name": "demo-lb-tg",
            "name_prefix": "",
            "port": 80,
            "preserve_client_ip": null,
            "protocol": "HTTP",
            "protocol_version": "HTTP1",
            "proxy_protocol_v2": false,
            "slow_start": 0,
            "stickiness": [
              {
                "cookie_duration": 86400,
                "cookie_name": "",
                "enabled": false,
                "type": "lb_cookie"
              }
            ],
            "tags": null,
            "tags_all": {},
            "target_failover": [
              {
                "on_deregistration": null,
                "on_unhealthy": null
              }
            ],
            "target_group_health": [
              {
                "dns_failover": [
                  {
                    "minimum_healthy_targets_count": "1",
                    "minimum_healthy_targets_percentage": "off"
                  }
                ],
                "unhealthy_state_routing": [
                  {
                    "minimum_healthy_targets_count": 1,
                    "minimum_healthy_targets_percentage": "off"
                  }
                ]
              }
            ],
            "target_health_state": [
              {
                "enable_unhealthy_connection_termination": null,
                "unhealthy_draining_interval": null
              }
            ],
            "target_type": "instance",
            "vpc_id": "vpc-0f2aa3870d54dd102"
          },
          "sensitive_attributes": [],
          "private": "bnVsbA==",
          "dependencies": [
            "module.aws-vpc.aws_vpc.testvpc"
          ]
        }
      ]
    },
    {
      "module": "module.loadbalancer",
      "mode": "managed",
      "type": "aws_lb_target_group_attachment",
      "name": "demo-tg-attachment",
      "provider": "provider[\"registry.terraform.io/hashicorp/aws\"]",
      "instances": [
        {
          "index_key": 0,
          "schema_version": 0,
          "attributes": {
            "availability_zone": null,
            "id": "arn:aws:elasticloadbalancing:us-east-1:897722702750:targetgroup/demo-lb-tg/d456344bbcc2be84-20241108080505842700000003",
            "port": 80,
            "target_group_arn": "arn:aws:elasticloadbalancing:us-east-1:897722702750:targetgroup/demo-lb-tg/d456344bbcc2be84",
            "target_id": "i-04c35ccf9b2b4b89c"
          },
          "sensitive_attributes": [],
          "private": "bnVsbA==",
          "dependencies": [
            "module.aws-subnet.aws_subnet.test_subnet",
            "module.aws-subnet.data.aws_subnet.subnetinfo",
            "module.aws-vpc.aws_vpc.testvpc",
            "module.aws_ec2_instance.aws_instance.ec2",
            "module.aws_ec2_instance.aws_key_pair.key-pair",
            "module.loadbalancer.aws_lb_target_group.demo_tg",
            "module.security_grp.aws_security_group.allow_tls"
          ]
        },
        {
          "index_key": 1,
          "schema_version": 0,
          "attributes": {
            "availability_zone": null,
            "id": "arn:aws:elasticloadbalancing:us-east-1:897722702750:targetgroup/demo-lb-tg/d456344bbcc2be84-20241108080506312400000004",
            "port": 80,
            "target_group_arn": "arn:aws:elasticloadbalancing:us-east-1:897722702750:targetgroup/demo-lb-tg/d456344bbcc2be84",
            "target_id": "i-063fd076be4fc1799"
          },
          "sensitive_attributes": [],
          "private": "bnVsbA==",
          "dependencies": [
            "module.aws-subnet.aws_subnet.test_subnet",
            "module.aws-subnet.data.aws_subnet.subnetinfo",
            "module.aws-vpc.aws_vpc.testvpc",
            "module.aws_ec2_instance.aws_instance.ec2",
            "module.aws_ec2_instance.aws_key_pair.key-pair",
            "module.loadbalancer.aws_lb_target_group.demo_tg",
            "module.security_grp.aws_security_group.allow_tls"
          ]
        }
      ]
    },
    {
      "module": "module.security_grp",
      "mode": "managed",
      "type": "aws_security_group",
      "name": "allow_tls",
      "provider": "provider[\"registry.terraform.io/hashicorp/aws\"]",
      "instances": [
        {
          "schema_version": 1,
          "attributes": {
            "arn": "arn:aws:ec2:us-east-1:897722702750:security-group/sg-0a1364f03ca5860be",
            "description": "Allow TLS inbound traffic and all outbound traffic",
            "egress": [
              {
                "cidr_blocks": [
                  "0.0.0.0/0"
                ],
                "description": "",
                "from_port": 0,
                "ipv6_cidr_blocks": [],
                "prefix_list_ids": [],
                "protocol": "-1",
                "security_groups": [],
                "self": false,
                "to_port": 0
              }
            ],
            "id": "sg-0a1364f03ca5860be",
            "ingress": [
              {
                "cidr_blocks": [
                  "0.0.0.0/0"
                ],
                "description": "For HTTP",
                "from_port": 3000,
                "ipv6_cidr_blocks": [],
                "prefix_list_ids": [],
                "protocol": "tcp",
                "security_groups": [],
                "self": false,
                "to_port": 3000
              },
              {
                "cidr_blocks": [
                  "0.0.0.0/0"
                ],
                "description": "For SSH",
                "from_port": 22,
                "ipv6_cidr_blocks": [],
                "prefix_list_ids": [],
                "protocol": "tcp",
                "security_groups": [],
                "self": false,
                "to_port": 22
              }
            ],
            "name": "allow_tls",
            "name_prefix": "",
            "owner_id": "897722702750",
            "revoke_rules_on_delete": false,
            "tags": {
              "Name": "allow_tls"
            },
            "tags_all": {
              "Name": "allow_tls"
            },
            "timeouts": null,
            "vpc_id": "vpc-0f2aa3870d54dd102"
          },
          "sensitive_attributes": [],
          "private": "eyJlMmJmYjczMC1lY2FhLTExZTYtOGY4OC0zNDM2M2JjN2M0YzAiOnsiY3JlYXRlIjo2MDAwMDAwMDAwMDAsImRlbGV0ZSI6OTAwMDAwMDAwMDAwfSwic2NoZW1hX3ZlcnNpb24iOiIxIn0=",
          "dependencies": [
            "module.aws-vpc.aws_vpc.testvpc"
          ]
        }
      ]
    }
  ],
  "check_results": null
}
